// !$*UTF8*$!
{
	archiveVersion = 1;
	classes = {
	};
	objectVersion = 50;
	objects = {

/* Begin PBXBuildFile section */
		9CE35419A69D00966828D199 /* libPods-PaymentApp.a in Frameworks */ = {isa = PBXBuildFile; fileRef = 4EB86391DA4FAF0A8AF18150 /* libPods-PaymentApp.a */; };
		A06D04E8219DF909004C4579 /* AppDelegate.m in Sources */ = {isa = PBXBuildFile; fileRef = A06D04E7219DF909004C4579 /* AppDelegate.m */; };
		A06D04EB219DF909004C4579 /* EAMainViewController.m in Sources */ = {isa = PBXBuildFile; fileRef = A06D04EA219DF909004C4579 /* EAMainViewController.m */; };
		A06D04F0219DF90A004C4579 /* Assets.xcassets in Resources */ = {isa = PBXBuildFile; fileRef = A06D04EF219DF90A004C4579 /* Assets.xcassets */; };
		A06D04F3219DF90A004C4579 /* LaunchScreen.storyboard in Resources */ = {isa = PBXBuildFile; fileRef = A06D04F1219DF90A004C4579 /* LaunchScreen.storyboard */; };
		A06D04F6219DF90A004C4579 /* main.m in Sources */ = {isa = PBXBuildFile; fileRef = A06D04F5219DF90A004C4579 /* main.m */; };
		A06D0506219E46DD004C4579 /* EAAPIManager.m in Sources */ = {isa = PBXBuildFile; fileRef = A06D0505219E46DC004C4579 /* EAAPIManager.m */; };
/* End PBXBuildFile section */

/* Begin PBXFileReference section */
		4EB86391DA4FAF0A8AF18150 /* libPods-PaymentApp.a */ = {isa = PBXFileReference; explicitFileType = archive.ar; includeInIndex = 0; path = "libPods-PaymentApp.a"; sourceTree = BUILT_PRODUCTS_DIR; };
		97BAB9F73F7BADF8F83D7A95 /* Pods-PaymentApp.debug.xcconfig */ = {isa = PBXFileReference; includeInIndex = 1; lastKnownFileType = text.xcconfig; name = "Pods-PaymentApp.debug.xcconfig"; path = "Pods/Target Support Files/Pods-PaymentApp/Pods-PaymentApp.debug.xcconfig"; sourceTree = "<group>"; };
		A06D04E3219DF909004C4579 /* PaymentApp.app */ = {isa = PBXFileReference; explicitFileType = wrapper.application; includeInIndex = 0; path = PaymentApp.app; sourceTree = BUILT_PRODUCTS_DIR; };
		A06D04E6219DF909004C4579 /* AppDelegate.h */ = {isa = PBXFileReference; lastKnownFileType = sourcecode.c.h; path = AppDelegate.h; sourceTree = "<group>"; };
		A06D04E7219DF909004C4579 /* AppDelegate.m */ = {isa = PBXFileReference; lastKnownFileType = sourcecode.c.objc; path = AppDelegate.m; sourceTree = "<group>"; };
		A06D04E9219DF909004C4579 /* EAMainViewController.h */ = {isa = PBXFileReference; lastKnownFileType = sourcecode.c.h; path = EAMainViewController.h; sourceTree = "<group>"; };
		A06D04EA219DF909004C4579 /* EAMainViewController.m */ = {isa = PBXFileReference; lastKnownFileType = sourcecode.c.objc; path = EAMainViewController.m; sourceTree = "<group>"; };
		A06D04EF219DF90A004C4579 /* Assets.xcassets */ = {isa = PBXFileReference; lastKnownFileType = folder.assetcatalog; path = Assets.xcassets; sourceTree = "<group>"; };
		A06D04F2219DF90A004C4579 /* Base */ = {isa = PBXFileReference; lastKnownFileType = file.storyboard; name = Base; path = Base.lproj/LaunchScreen.storyboard; sourceTree = "<group>"; };
		A06D04F4219DF90A004C4579 /* Info.plist */ = {isa = PBXFileReference; lastKnownFileType = text.plist.xml; path = Info.plist; sourceTree = "<group>"; };
		A06D04F5219DF90A004C4579 /* main.m */ = {isa = PBXFileReference; lastKnownFileType = sourcecode.c.objc; path = main.m; sourceTree = "<group>"; };
		A06D0504219E46DC004C4579 /* EAAPIManager.h */ = {isa = PBXFileReference; fileEncoding = 4; lastKnownFileType = sourcecode.c.h; path = EAAPIManager.h; sourceTree = "<group>"; };
		A06D0505219E46DC004C4579 /* EAAPIManager.m */ = {isa = PBXFileReference; fileEncoding = 4; lastKnownFileType = sourcecode.c.objc; path = EAAPIManager.m; sourceTree = "<group>"; };
		A6BE90D49D60E333D5E12D17 /* Pods-PaymentApp.release.xcconfig */ = {isa = PBXFileReference; includeInIndex = 1; lastKnownFileType = text.xcconfig; name = "Pods-PaymentApp.release.xcconfig"; path = "Pods/Target Support Files/Pods-PaymentApp/Pods-PaymentApp.release.xcconfig"; sourceTree = "<group>"; };
/* End PBXFileReference section */

/* Begin PBXFrameworksBuildPhase section */
		A06D04E0219DF909004C4579 /* Frameworks */ = {
			isa = PBXFrameworksBuildPhase;
			buildActionMask = 2147483647;
			files = (
				9CE35419A69D00966828D199 /* libPods-PaymentApp.a in Frameworks */,
			);
			runOnlyForDeploymentPostprocessing = 0;
		};
/* End PBXFrameworksBuildPhase section */

/* Begin PBXGroup section */
		A06D04DA219DF909004C4579 = {
			isa = PBXGroup;
			children = (
				A06D04E5219DF909004C4579 /* PaymentApp */,
				A06D04E4219DF909004C4579 /* Products */,
				E4B3C52BD1E9F69CF137D8F5 /* Pods */,
				B0889543169A7EC4A2A01713 /* Frameworks */,
			);
			sourceTree = "<group>";
		};
		A06D04E4219DF909004C4579 /* Products */ = {
			isa = PBXGroup;
			children = (
				A06D04E3219DF909004C4579 /* PaymentApp.app */,
			);
			name = Products;
			sourceTree = "<group>";
		};
		A06D04E5219DF909004C4579 /* PaymentApp */ = {
			isa = PBXGroup;
			children = (
				A06D0503219E46C9004C4579 /* Managers */,
				A06D04E6219DF909004C4579 /* AppDelegate.h */,
				A06D04E7219DF909004C4579 /* AppDelegate.m */,
				A06D04E9219DF909004C4579 /* EAMainViewController.h */,
				A06D04EA219DF909004C4579 /* EAMainViewController.m */,
				A06D04EF219DF90A004C4579 /* Assets.xcassets */,
				A06D04F1219DF90A004C4579 /* LaunchScreen.storyboard */,
				A06D04F4219DF90A004C4579 /* Info.plist */,
				A06D04F5219DF90A004C4579 /* main.m */,
			);
			path = PaymentApp;
			sourceTree = "<group>";
		};
		A06D0503219E46C9004C4579 /* Managers */ = {
			isa = PBXGroup;
			children = (
				A06D0504219E46DC004C4579 /* EAAPIManager.h */,
				A06D0505219E46DC004C4579 /* EAAPIManager.m */,
			);
			path = Managers;
			sourceTree = "<group>";
		};
		B0889543169A7EC4A2A01713 /* Frameworks */ = {
			isa = PBXGroup;
			children = (
				4EB86391DA4FAF0A8AF18150 /* libPods-PaymentApp.a */,
			);
			name = Frameworks;
			sourceTree = "<group>";
		};
		E4B3C52BD1E9F69CF137D8F5 /* Pods */ = {
			isa = PBXGroup;
			children = (
				97BAB9F73F7BADF8F83D7A95 /* Pods-PaymentApp.debug.xcconfig */,
				A6BE90D49D60E333D5E12D17 /* Pods-PaymentApp.release.xcconfig */,
			);
			name = Pods;
			sourceTree = "<group>";
		};
/* End PBXGroup section */

/* Begin PBXNativeTarget section */
		A06D04E2219DF909004C4579 /* PaymentApp */ = {
			isa = PBXNativeTarget;
			buildConfigurationList = A06D04F9219DF90A004C4579 /* Build configuration list for PBXNativeTarget "PaymentApp" */;
			buildPhases = (
				830F6A892592DFB9A77F3634 /* [CP] Check Pods Manifest.lock */,
				A06D04DF219DF909004C4579 /* Sources */,
				A06D04E0219DF909004C4579 /* Frameworks */,
				A06D04E1219DF909004C4579 /* Resources */,
			);
			buildRules = (
			);
			dependencies = (
			);
			name = PaymentApp;
			productName = PaymentApp;
			productReference = A06D04E3219DF909004C4579 /* PaymentApp.app */;
			productType = "com.apple.product-type.application";
		};
/* End PBXNativeTarget section */

/* Begin PBXProject section */
		A06D04DB219DF909004C4579 /* Project object */ = {
			isa = PBXProject;
			attributes = {
				LastUpgradeCheck = 1010;
				ORGANIZATIONNAME = EA;
				TargetAttributes = {
					A06D04E2219DF909004C4579 = {
						CreatedOnToolsVersion = 10.1;
					};
				};
			};
			buildConfigurationList = A06D04DE219DF909004C4579 /* Build configuration list for PBXProject "PaymentApp" */;
			compatibilityVersion = "Xcode 9.3";
			developmentRegion = en;
			hasScannedForEncodings = 0;
			knownRegions = (
				en,
				Base,
			);
			mainGroup = A06D04DA219DF909004C4579;
			productRefGroup = A06D04E4219DF909004C4579 /* Products */;
			projectDirPath = "";
			projectRoot = "";
			targets = (
				A06D04E2219DF909004C4579 /* PaymentApp */,
			);
		};
/* End PBXProject section */

/* Begin PBXResourcesBuildPhase section */
		A06D04E1219DF909004C4579 /* Resources */ = {
			isa = PBXResourcesBuildPhase;
			buildActionMask = 2147483647;
			files = (
				A06D04F3219DF90A004C4579 /* LaunchScreen.storyboard in Resources */,
				A06D04F0219DF90A004C4579 /* Assets.xcassets in Resources */,
			);
			runOnlyForDeploymentPostprocessing = 0;
		};
/* End PBXResourcesBuildPhase section */

/* Begin PBXShellScriptBuildPhase section */
		830F6A892592DFB9A77F3634 /* [CP] Check Pods Manifest.lock */ = {
			isa = PBXShellScriptBuildPhase;
			buildActionMask = 2147483647;
			files = (
			);
			inputFileListPaths = (
			);
			inputPaths = (
				"${PODS_PODFILE_DIR_PATH}/Podfile.lock",
				"${PODS_ROOT}/Manifest.lock",
			);
			name = "[CP] Check Pods Manifest.lock";
			outputFileListPaths = (
			);
			outputPaths = (
				"$(DERIVED_FILE_DIR)/Pods-PaymentApp-checkManifestLockResult.txt",
			);
			runOnlyForDeploymentPostprocessing = 0;
			shellPath = /bin/sh;
			shellScript = "diff \"${PODS_PODFILE_DIR_PATH}/Podfile.lock\" \"${PODS_ROOT}/Manifest.lock\" > /dev/null\nif [ $? != 0 ] ; then\n    # print error to STDERR\n    echo \"error: The sandbox is not in sync with the Podfile.lock. Run 'pod install' or update your CocoaPods installation.\" >&2\n    exit 1\nfi\n# This output is used by Xcode 'outputs' to avoid re-running this script phase.\necho \"SUCCESS\" > \"${SCRIPT_OUTPUT_FILE_0}\"\n";
			showEnvVarsInLog = 0;
		};
/* End PBXShellScriptBuildPhase section */

/* Begin PBXSourcesBuildPhase section */
		A06D04DF219DF909004C4579 /* Sources */ = {
			isa = PBXSourcesBuildPhase;
			buildActionMask = 2147483647;
			files = (
				A06D0506219E46DD004C4579 /* EAAPIManager.m in Sources */,
				A06D04EB219DF909004C4579 /* EAMainViewController.m in Sources */,
				A06D04F6219DF90A004C4579 /* main.m in Sources */,
				A06D04E8219DF909004C4579 /* AppDelegate.m in Sources */,
			);
			runOnlyForDeploymentPostprocessing = 0;
		};
/* End PBXSourcesBuildPhase section */

/* Begin PBXVariantGroup section */
		A06D04F1219DF90A004C4579 /* LaunchScreen.storyboard */ = {
			isa = PBXVariantGroup;
			children = (
				A06D04F2219DF90A004C4579 /* Base */,
			);
			name = LaunchScreen.storyboard;
			sourceTree = "<group>";
		};
/* End PBXVariantGroup section */

/* Begin XCBuildConfiguration section */
		A06D04F7219DF90A004C4579 /* Debug */ = {
			isa = XCBuildConfiguration;
			buildSettings = {
				ALWAYS_SEARCH_USER_PATHS = NO;
				CLANG_ANALYZER_NONNULL = YES;
				CLANG_ANALYZER_NUMBER_OBJECT_CONVERSION = YES_AGGRESSIVE;
				CLANG_CXX_LANGUAGE_STANDARD = "gnu++14";
				CLANG_CXX_LIBRARY = "libc++";
				CLANG_ENABLE_MODULES = YES;
				CLANG_ENABLE_OBJC_ARC = YES;
				CLANG_ENABLE_OBJC_WEAK = YES;
				CLANG_WARN_BLOCK_CAPTURE_AUTORELEASING = YES;
				CLANG_WARN_BOOL_CONVERSION = YES;
				CLANG_WARN_COMMA = YES;
				CLANG_WARN_CONSTANT_CONVERSION = YES;
				CLANG_WARN_DEPRECATED_OBJC_IMPLEMENTATIONS = YES;
				CLANG_WARN_DIRECT_OBJC_ISA_USAGE = YES_ERROR;
				CLANG_WARN_DOCUMENTATION_COMMENTS = YES;
				CLANG_WARN_EMPTY_BODY = YES;
				CLANG_WARN_ENUM_CONVERSION = YES;
				CLANG_WARN_INFINITE_RECURSION = YES;
				CLANG_WARN_INT_CONVERSION = YES;
				CLANG_WARN_NON_LITERAL_NULL_CONVERSION = YES;
				CLANG_WARN_OBJC_IMPLICIT_RETAIN_SELF = YES;
				CLANG_WARN_OBJC_LITERAL_CONVERSION = YES;
				CLANG_WARN_OBJC_ROOT_CLASS = YES_ERROR;
				CLANG_WARN_RANGE_LOOP_ANALYSIS = YES;
				CLANG_WARN_STRICT_PROTOTYPES = YES;
				CLANG_WARN_SUSPICIOUS_MOVE = YES;
				CLANG_WARN_UNGUARDED_AVAILABILITY = YES_AGGRESSIVE;
				CLANG_WARN_UNREACHABLE_CODE = YES;
				CLANG_WARN__DUPLICATE_METHOD_MATCH = YES;
				CODE_SIGN_IDENTITY = "iPhone Developer";
				COPY_PHASE_STRIP = NO;
				DEBUG_INFORMATION_FORMAT = dwarf;
				ENABLE_STRICT_OBJC_MSGSEND = YES;
				ENABLE_TESTABILITY = YES;
				GCC_C_LANGUAGE_STANDARD = gnu11;
				GCC_DYNAMIC_NO_PIC = NO;
				GCC_NO_COMMON_BLOCKS = YES;
				GCC_OPTIMIZATION_LEVEL = 0;
				GCC_PREPROCESSOR_DEFINITIONS = (
					"DEBUG=1",
					"$(inherited)",
				);
				GCC_WARN_64_TO_32_BIT_CONVERSION = YES;
				GCC_WARN_ABOUT_RETURN_TYPE = YES_ERROR;
				GCC_WARN_UNDECLARED_SELECTOR = YES;
				GCC_WARN_UNINITIALIZED_AUTOS = YES_AGGRESSIVE;
				GCC_WARN_UNUSED_FUNCTION = YES;
				GCC_WARN_UNUSED_VARIABLE = YES;
				IPHONEOS_DEPLOYMENT_TARGET = 12.1;
				MTL_ENABLE_DEBUG_INFO = INCLUDE_SOURCE;
				MTL_FAST_MATH = YES;
				ONLY_ACTIVE_ARCH = YES;
				SDKROOT = iphoneos;
			};
			name = Debug;
		};
		A06D04F8219DF90A004C4579 /* Release */ = {
			isa = XCBuildConfiguration;
			buildSettings = {
				ALWAYS_SEARCH_USER_PATHS = NO;
				CLANG_ANALYZER_NONNULL = YES;
				CLANG_ANALYZER_NUMBER_OBJECT_CONVERSION = YES_AGGRESSIVE;
				CLANG_CXX_LANGUAGE_STANDARD = "gnu++14";
				CLANG_CXX_LIBRARY = "libc++";
				CLANG_ENABLE_MODULES = YES;
				CLANG_ENABLE_OBJC_ARC = YES;
				CLANG_ENABLE_OBJC_WEAK = YES;
				CLANG_WARN_BLOCK_CAPTURE_AUTORELEASING = YES;
				CLANG_WARN_BOOL_CONVERSION = YES;
				CLANG_WARN_COMMA = YES;
				CLANG_WARN_CONSTANT_CONVERSION = YES;
				CLANG_WARN_DEPRECATED_OBJC_IMPLEMENTATIONS = YES;
				CLANG_WARN_DIRECT_OBJC_ISA_USAGE = YES_ERROR;
				CLANG_WARN_DOCUMENTATION_COMMENTS = YES;
				CLANG_WARN_EMPTY_BODY = YES;
				CLANG_WARN_ENUM_CONVERSION = YES;
				CLANG_WARN_INFINITE_RECURSION = YES;
				CLANG_WARN_INT_CONVERSION = YES;
				CLANG_WARN_NON_LITERAL_NULL_CONVERSION = YES;
				CLANG_WARN_OBJC_IMPLICIT_RETAIN_SELF = YES;
				CLANG_WARN_OBJC_LITERAL_CONVERSION = YES;
				CLANG_WARN_OBJC_ROOT_CLASS = YES_ERROR;
				CLANG_WARN_RANGE_LOOP_ANALYSIS = YES;
				CLANG_WARN_STRICT_PROTOTYPES = YES;
				CLANG_WARN_SUSPICIOUS_MOVE = YES;
				CLANG_WARN_UNGUARDED_AVAILABILITY = YES_AGGRESSIVE;
				CLANG_WARN_UNREACHABLE_CODE = YES;
				CLANG_WARN__DUPLICATE_METHOD_MATCH = YES;
				CODE_SIGN_IDENTITY = "iPhone Developer";
				COPY_PHASE_STRIP = NO;
				DEBUG_INFORMATION_FORMAT = "dwarf-with-dsym";
				ENABLE_NS_ASSERTIONS = NO;
				ENABLE_STRICT_OBJC_MSGSEND = YES;
				GCC_C_LANGUAGE_STANDARD = gnu11;
				GCC_NO_COMMON_BLOCKS = YES;
				GCC_WARN_64_TO_32_BIT_CONVERSION = YES;
				GCC_WARN_ABOUT_RETURN_TYPE = YES_ERROR;
				GCC_WARN_UNDECLARED_SELECTOR = YES;
				GCC_WARN_UNINITIALIZED_AUTOS = YES_AGGRESSIVE;
				GCC_WARN_UNUSED_FUNCTION = YES;
				GCC_WARN_UNUSED_VARIABLE = YES;
				IPHONEOS_DEPLOYMENT_TARGET = 12.1;
				MTL_ENABLE_DEBUG_INFO = NO;
				MTL_FAST_MATH = YES;
				SDKROOT = iphoneos;
				VALIDATE_PRODUCT = YES;
			};
			name = Release;
		};
		A06D04FA219DF90A004C4579 /* Debug */ = {
			isa = XCBuildConfiguration;
			baseConfigurationReference = 97BAB9F73F7BADF8F83D7A95 /* Pods-PaymentApp.debug.xcconfig */;
			buildSettings = {
				ASSETCATALOG_COMPILER_APPICON_NAME = AppIcon;
				CODE_SIGN_STYLE = Automatic;
				DEVELOPMENT_TEAM = P42542P7Z2;
				INFOPLIST_FILE = PaymentApp/Info.plist;
				LD_RUNPATH_SEARCH_PATHS = (
					"$(inherited)",
					"@executable_path/Frameworks",
				);
				PRODUCT_BUNDLE_IDENTIFIER = com.ea.PaymentApp;
				PRODUCT_NAME = "$(TARGET_NAME)";
				TARGETED_DEVICE_FAMILY = "1,2";
			};
			name = Debug;
		};
		A06D04FB219DF90A004C4579 /* Release */ = {
			isa = XCBuildConfiguration;
			baseConfigurationReference = A6BE90D49D60E333D5E12D17 /* Pods-PaymentApp.release.xcconfig */;
			buildSettings = {
				ASSETCATALOG_COMPILER_APPICON_NAME = AppIcon;
				CODE_SIGN_STYLE = Automatic;
				DEVELOPMENT_TEAM = P42542P7Z2;
				INFOPLIST_FILE = PaymentApp/Info.plist;
				LD_RUNPATH_SEARCH_PATHS = (
					"$(inherited)",
					"@executable_path/Frameworks",
				);
				PRODUCT_BUNDLE_IDENTIFIER = com.ea.PaymentApp;
				PRODUCT_NAME = "$(TARGET_NAME)";
				TARGETED_DEVICE_FAMILY = "1,2";
			};
			name = Release;
		};
/* End XCBuildConfiguration section */

/* Begin XCConfigurationList section */
		A06D04DE219DF909004C4579 /* Build configuration list for PBXProject "PaymentApp" */ = {
			isa = XCConfigurationList;
			buildConfigurations = (
				A06D04F7219DF90A004C4579 /* Debug */,
				A06D04F8219DF90A004C4579 /* Release */,
			);
			defaultConfigurationIsVisible = 0;
			defaultConfigurationName = Release;
		};
		A06D04F9219DF90A004C4579 /* Build configuration list for PBXNativeTarget "PaymentApp" */ = {
			isa = XCConfigurationList;
			buildConfigurations = (
				A06D04FA219DF90A004C4579 /* Debug */,
				A06D04FB219DF90A004C4579 /* Release */,
			);
			defaultConfigurationIsVisible = 0;
			defaultConfigurationName = Release;
		};
/* End XCConfigurationList section */
	};
	rootObject = A06D04DB219DF909004C4579 /* Project object */;
}
